
Microsoft Visual Studio Solution File, Format Version 12.00
# Visual Studio Version 17
VisualStudioVersion = 17.0.31903.59
MinimumVisualStudioVersion = 10.0.40219.1
Project("{9A19103F-16F7-4668-BE54-9A1E7A4F7556}") = "DapperLibrary", "CrudLibrary\DapperLibrary.csproj", "{1BD9D408-535D-4D53-93DA-821B412FA3A6}"
EndProject
Global
	GlobalSection(SolutionConfigurationPlatforms) = preSolution
		Debug|Any CPU = Debug|Any CPU
		Release|Any CPU = Release|Any CPU
	EndGlobalSection
	GlobalSection(ProjectConfigurationPlatforms) = postSolution
		{1BD9D408-535D-4D53-93DA-821B412FA3A6}.Debug|Any CPU.ActiveCfg = Debug|Any CPU
		{1BD9D408-535D-4D53-93DA-821B412FA3A6}.Debug|Any CPU.Build.0 = Debug|Any CPU
		{1BD9D408-535D-4D53-93DA-821B412FA3A6}.Release|Any CPU.ActiveCfg = Release|Any CPU
		{1BD9D408-535D-4D53-93DA-821B412FA3A6}.Release|Any CPU.Build.0 = Release|Any CPU
	EndGlobalSection
	GlobalSection(SolutionProperties) = preSolution
		HideSolutionNode = FALSE
	EndGlobalSection
	GlobalSection(ExtensibilityGlobals) = postSolution
		SolutionGuid = {97AD8225-0F60-4B58-96C3-4655DD7FB8A1}
	EndGlobalSection
EndGlobal
